
Microsoft Visual Studio Solution File, Format Version 12.00
# Visual Studio 2012
Project("{2150E333-8FDC-42A3-9474-1A3956D46DE8}") = ".nuget", ".nuget", "{212006B9-09CD-4DDA-9B6B-8355C0ABD0D8}"
	ProjectSection(SolutionItems) = preProject
		.nuget\NuGet.Config = .nuget\NuGet.Config
		.nuget\NuGet.exe = .nuget\NuGet.exe
		.nuget\NuGet.targets = .nuget\NuGet.targets
	EndProjectSection
EndProject
Project("{FAE04EC0-301F-11D3-BF4B-00C04F79EFBC}") = "DemoExampleSite", "DemoExampleSite\DemoExampleSite.csproj", "{89D89605-2B4A-43CB-B6C8-6039694707BA}"
EndProject
Project("{FAE04EC0-301F-11D3-BF4B-00C04F79EFBC}") = "DemoExampleSite.specs", "DemoExampleSite.specs\DemoExampleSite.specs.csproj", "{BEEC9F8F-7BC1-42E1-8F09-2E518121EFEB}"
EndProject
Project("{FAE04EC0-301F-11D3-BF4B-00C04F79EFBC}") = "OverviewOfWatin", "OverviewOfWatin\OverviewOfWatin.csproj", "{256FE842-3904-46F8-8238-6A7E33145D16}"
EndProject
Global
	GlobalSection(SolutionConfigurationPlatforms) = preSolution
		Debug|Any CPU = Debug|Any CPU
		Release|Any CPU = Release|Any CPU
	EndGlobalSection
	GlobalSection(ProjectConfigurationPlatforms) = postSolution
		{89D89605-2B4A-43CB-B6C8-6039694707BA}.Debug|Any CPU.ActiveCfg = Debug|Any CPU
		{89D89605-2B4A-43CB-B6C8-6039694707BA}.Debug|Any CPU.Build.0 = Debug|Any CPU
		{89D89605-2B4A-43CB-B6C8-6039694707BA}.Release|Any CPU.ActiveCfg = Release|Any CPU
		{89D89605-2B4A-43CB-B6C8-6039694707BA}.Release|Any CPU.Build.0 = Release|Any CPU
		{BEEC9F8F-7BC1-42E1-8F09-2E518121EFEB}.Debug|Any CPU.ActiveCfg = Debug|Any CPU
		{BEEC9F8F-7BC1-42E1-8F09-2E518121EFEB}.Debug|Any CPU.Build.0 = Debug|Any CPU
		{BEEC9F8F-7BC1-42E1-8F09-2E518121EFEB}.Release|Any CPU.ActiveCfg = Release|Any CPU
		{BEEC9F8F-7BC1-42E1-8F09-2E518121EFEB}.Release|Any CPU.Build.0 = Release|Any CPU
		{256FE842-3904-46F8-8238-6A7E33145D16}.Debug|Any CPU.ActiveCfg = Debug|Any CPU
		{256FE842-3904-46F8-8238-6A7E33145D16}.Debug|Any CPU.Build.0 = Debug|Any CPU
		{256FE842-3904-46F8-8238-6A7E33145D16}.Release|Any CPU.ActiveCfg = Release|Any CPU
		{256FE842-3904-46F8-8238-6A7E33145D16}.Release|Any CPU.Build.0 = Release|Any CPU
	EndGlobalSection
	GlobalSection(SolutionProperties) = preSolution
		HideSolutionNode = FALSE
	EndGlobalSection
EndGlobal
